
Microsoft Visual Studio Solution File, Format Version 12.00
# Visual Studio 2013
VisualStudioVersion = 12.0.30501.0
MinimumVisualStudioVersion = 10.0.40219.1
Project("{F184B08F-C81C-45F6-A57F-5ABD9991F28F}") = "ConsoleApp", "ConsoleApp\ConsoleApp.vbproj", "{215D9283-725C-438E-8D47-1B0B6999B097}"
EndProject
Project("{F184B08F-C81C-45F6-A57F-5ABD9991F28F}") = "CalendricalCalculations", "CalendricalCalculations\CalendricalCalculations.vbproj", "{2CFEB205-92BF-4F88-8F90-C57A5429CDD9}"
EndProject
Project("{F184B08F-C81C-45F6-A57F-5ABD9991F28F}") = "GridOData", "GridOData\GridOData.vbproj", "{D258E98F-F100-4F8E-BF6E-95A46B130FFE}"
EndProject
Global
	GlobalSection(TeamFoundationVersionControl) = preSolution
		SccNumberOfProjects = 4
		SccEnterpriseProvider = {4CA58AB2-18FA-4F8D-95D4-32DDF27D184C}
		SccTeamFoundationServer = https://livingcog.visualstudio.com/defaultcollection
		SccLocalPath0 = .
		SccProjectUniqueName1 = CalendricalCalculations\\CalendricalCalculations.vbproj
		SccProjectName1 = CalendricalCalculations
		SccLocalPath1 = CalendricalCalculations
		SccProjectUniqueName2 = ConsoleApp\\ConsoleApp.vbproj
		SccProjectName2 = ConsoleApp
		SccLocalPath2 = ConsoleApp
		SccProjectUniqueName3 = GridOData\\GridOData.vbproj
		SccProjectName3 = GridOData
		SccLocalPath3 = GridOData
	EndGlobalSection
	GlobalSection(SolutionConfigurationPlatforms) = preSolution
		Debug|Any CPU = Debug|Any CPU
		Release|Any CPU = Release|Any CPU
	EndGlobalSection
	GlobalSection(ProjectConfigurationPlatforms) = postSolution
		{215D9283-725C-438E-8D47-1B0B6999B097}.Debug|Any CPU.ActiveCfg = Debug|Any CPU
		{215D9283-725C-438E-8D47-1B0B6999B097}.Debug|Any CPU.Build.0 = Debug|Any CPU
		{215D9283-725C-438E-8D47-1B0B6999B097}.Release|Any CPU.ActiveCfg = Release|Any CPU
		{215D9283-725C-438E-8D47-1B0B6999B097}.Release|Any CPU.Build.0 = Release|Any CPU
		{2CFEB205-92BF-4F88-8F90-C57A5429CDD9}.Debug|Any CPU.ActiveCfg = Debug|Any CPU
		{2CFEB205-92BF-4F88-8F90-C57A5429CDD9}.Debug|Any CPU.Build.0 = Debug|Any CPU
		{2CFEB205-92BF-4F88-8F90-C57A5429CDD9}.Release|Any CPU.ActiveCfg = Release|Any CPU
		{2CFEB205-92BF-4F88-8F90-C57A5429CDD9}.Release|Any CPU.Build.0 = Release|Any CPU
		{D258E98F-F100-4F8E-BF6E-95A46B130FFE}.Debug|Any CPU.ActiveCfg = Debug|Any CPU
		{D258E98F-F100-4F8E-BF6E-95A46B130FFE}.Debug|Any CPU.Build.0 = Debug|Any CPU
		{D258E98F-F100-4F8E-BF6E-95A46B130FFE}.Release|Any CPU.ActiveCfg = Release|Any CPU
		{D258E98F-F100-4F8E-BF6E-95A46B130FFE}.Release|Any CPU.Build.0 = Release|Any CPU
	EndGlobalSection
	GlobalSection(SolutionProperties) = preSolution
		HideSolutionNode = FALSE
	EndGlobalSection
EndGlobal
